
Microsoft Visual Studio Solution File, Format Version 12.00
# Visual Studio Version 16
VisualStudioVersion = 16.0.34031.81
MinimumVisualStudioVersion = 10.0.40219.1
Project("{FAE04EC0-301F-11D3-BF4B-00C04F79EFBC}") = "Tyuiu.MolodykhVY.Sprint4.TaskReview.V15", "Tyuiu.MolodykhVY.Sprint4.TaskReview.V15\Tyuiu.MolodykhVY.Sprint4.TaskReview.V15.csproj", "{F854E82B-71BD-470D-92D0-C3BC01FD60A0}"
EndProject
Project("{FAE04EC0-301F-11D3-BF4B-00C04F79EFBC}") = "Tyuiu.MolodykhVY.Sprint4.TaskReview.V15.Lib", "Tyuiu.MolodykhVY.Sprint4.TaskReview.V15.Lib\Tyuiu.MolodykhVY.Sprint4.TaskReview.V15.Lib.csproj", "{6BABC982-64F5-4E73-8A41-700CCC989A44}"
EndProject
Project("{FAE04EC0-301F-11D3-BF4B-00C04F79EFBC}") = "Tyuiu.MolodykhVY.Sprint4.TaskReview.V15.Test", "Tyuiu.MolodykhVY.Sprint4.TaskReview.V15.Test\Tyuiu.MolodykhVY.Sprint4.TaskReview.V15.Test.csproj", "{793E618C-82D1-469F-90FF-17858321B342}"
EndProject
Global
	GlobalSection(SolutionConfigurationPlatforms) = preSolution
		Debug|Any CPU = Debug|Any CPU
		Release|Any CPU = Release|Any CPU
	EndGlobalSection
	GlobalSection(ProjectConfigurationPlatforms) = postSolution
		{F854E82B-71BD-470D-92D0-C3BC01FD60A0}.Debug|Any CPU.ActiveCfg = Debug|Any CPU
		{F854E82B-71BD-470D-92D0-C3BC01FD60A0}.Debug|Any CPU.Build.0 = Debug|Any CPU
		{F854E82B-71BD-470D-92D0-C3BC01FD60A0}.Release|Any CPU.ActiveCfg = Release|Any CPU
		{F854E82B-71BD-470D-92D0-C3BC01FD60A0}.Release|Any CPU.Build.0 = Release|Any CPU
		{6BABC982-64F5-4E73-8A41-700CCC989A44}.Debug|Any CPU.ActiveCfg = Debug|Any CPU
		{6BABC982-64F5-4E73-8A41-700CCC989A44}.Debug|Any CPU.Build.0 = Debug|Any CPU
		{6BABC982-64F5-4E73-8A41-700CCC989A44}.Release|Any CPU.ActiveCfg = Release|Any CPU
		{6BABC982-64F5-4E73-8A41-700CCC989A44}.Release|Any CPU.Build.0 = Release|Any CPU
		{793E618C-82D1-469F-90FF-17858321B342}.Debug|Any CPU.ActiveCfg = Debug|Any CPU
		{793E618C-82D1-469F-90FF-17858321B342}.Debug|Any CPU.Build.0 = Debug|Any CPU
		{793E618C-82D1-469F-90FF-17858321B342}.Release|Any CPU.ActiveCfg = Release|Any CPU
		{793E618C-82D1-469F-90FF-17858321B342}.Release|Any CPU.Build.0 = Release|Any CPU
	EndGlobalSection
	GlobalSection(SolutionProperties) = preSolution
		HideSolutionNode = FALSE
	EndGlobalSection
	GlobalSection(ExtensibilityGlobals) = postSolution
		SolutionGuid = {2E779654-8F41-48DF-88E1-81E4806E0F29}
	EndGlobalSection
EndGlobal
